
Microsoft Visual Studio Solution File, Format Version 12.00
Project("{FAE04EC0-301F-11D3-BF4B-00C04F79EFBC}") = "Server", "Server\Server.csproj", "{2D462C77-6C54-44B1-8506-0C631F839C3F}"
EndProject
Project("{FAE04EC0-301F-11D3-BF4B-00C04F79EFBC}") = "SharedData", "SharedData\SharedData.csproj", "{B882DFF1-75C6-40A5-96A5-E16415F4AC3F}"
EndProject
Global
	GlobalSection(SolutionConfigurationPlatforms) = preSolution
		Debug|Any CPU = Debug|Any CPU
		Release|Any CPU = Release|Any CPU
	EndGlobalSection
	GlobalSection(ProjectConfigurationPlatforms) = postSolution
		{2D462C77-6C54-44B1-8506-0C631F839C3F}.Debug|Any CPU.ActiveCfg = Debug|Any CPU
		{2D462C77-6C54-44B1-8506-0C631F839C3F}.Debug|Any CPU.Build.0 = Debug|Any CPU
		{2D462C77-6C54-44B1-8506-0C631F839C3F}.Release|Any CPU.ActiveCfg = Release|Any CPU
		{2D462C77-6C54-44B1-8506-0C631F839C3F}.Release|Any CPU.Build.0 = Release|Any CPU
		{B882DFF1-75C6-40A5-96A5-E16415F4AC3F}.Debug|Any CPU.ActiveCfg = Debug|Any CPU
		{B882DFF1-75C6-40A5-96A5-E16415F4AC3F}.Debug|Any CPU.Build.0 = Debug|Any CPU
		{B882DFF1-75C6-40A5-96A5-E16415F4AC3F}.Release|Any CPU.ActiveCfg = Release|Any CPU
		{B882DFF1-75C6-40A5-96A5-E16415F4AC3F}.Release|Any CPU.Build.0 = Release|Any CPU
	EndGlobalSection
EndGlobal
