
Microsoft Visual Studio Solution File, Format Version 12.00
Project("{FAE04EC0-301F-11D3-BF4B-00C04F79EFBC}") = "Dependee", "Dependee\Dependee.csproj", "{14F033D1-BE5B-4E16-BE0B-10C002799985}"
EndProject
Global
	GlobalSection(SolutionConfigurationPlatforms) = preSolution
		Debug|Any CPU = Debug|Any CPU
		Release|Any CPU = Release|Any CPU
	EndGlobalSection
	GlobalSection(ProjectConfigurationPlatforms) = postSolution
		{14F033D1-BE5B-4E16-BE0B-10C002799985}.Debug|Any CPU.ActiveCfg = Debug|Any CPU
		{14F033D1-BE5B-4E16-BE0B-10C002799985}.Debug|Any CPU.Build.0 = Debug|Any CPU
		{14F033D1-BE5B-4E16-BE0B-10C002799985}.Release|Any CPU.ActiveCfg = Release|Any CPU
		{14F033D1-BE5B-4E16-BE0B-10C002799985}.Release|Any CPU.Build.0 = Release|Any CPU
	EndGlobalSection
EndGlobal
